// !$*UTF8*$!
{
	archiveVersion = 1;
	classes = {
	};
	objectVersion = 55;
	objects = {

/* Begin PBXBuildFile section */
		2D1B510D284A6447001541A9 /* Differentiator in Frameworks */ = {isa = PBXBuildFile; productRef = 2D1B510C284A6447001541A9 /* Differentiator */; };
		2D1B510F284A6447001541A9 /* RxDataSources in Frameworks */ = {isa = PBXBuildFile; productRef = 2D1B510E284A6447001541A9 /* RxDataSources */; };
		2D1B5111284A9406001541A9 /* ProfileSection.swift in Sources */ = {isa = PBXBuildFile; fileRef = 2D1B5110284A9406001541A9 /* ProfileSection.swift */; };
		2D1B5113284A94B0001541A9 /* ProfileViewController+Binding.swift in Sources */ = {isa = PBXBuildFile; fileRef = 2D1B5112284A94B0001541A9 /* ProfileViewController+Binding.swift */; };
		2D1B511D284A9794001541A9 /* Moya in Frameworks */ = {isa = PBXBuildFile; productRef = 2D1B511C284A9794001541A9 /* Moya */; };
		2D1B511F284A9794001541A9 /* ReactiveMoya in Frameworks */ = {isa = PBXBuildFile; productRef = 2D1B511E284A9794001541A9 /* ReactiveMoya */; };
		2D1B5121284A9794001541A9 /* RxMoya in Frameworks */ = {isa = PBXBuildFile; productRef = 2D1B5120284A9794001541A9 /* RxMoya */; };
		2D1B5125284A98BC001541A9 /* UserAPI.swift in Sources */ = {isa = PBXBuildFile; fileRef = 2D1B5124284A98BC001541A9 /* UserAPI.swift */; };
		2D1B5128284AA9F3001541A9 /* AlbumsAPI.swift in Sources */ = {isa = PBXBuildFile; fileRef = 2D1B5127284AA9F3001541A9 /* AlbumsAPI.swift */; };
		2D1B512C284ABCC2001541A9 /* AlbumDetailsPhotosGridViewController.swift in Sources */ = {isa = PBXBuildFile; fileRef = 2D1B512B284ABCC2001541A9 /* AlbumDetailsPhotosGridViewController.swift */; };
		2D1B512E284ABD0D001541A9 /* AlbumPhotosGridSection.swift in Sources */ = {isa = PBXBuildFile; fileRef = 2D1B512D284ABD0D001541A9 /* AlbumPhotosGridSection.swift */; };
		2D1B5131284ABD3C001541A9 /* Photo.swift in Sources */ = {isa = PBXBuildFile; fileRef = 2D1B5130284ABD3C001541A9 /* Photo.swift */; };
		2D1B5133284ABE31001541A9 /* UICollectionViewFlowLayout + Ext.swift in Sources */ = {isa = PBXBuildFile; fileRef = 2D1B5132284ABE31001541A9 /* UICollectionViewFlowLayout + Ext.swift */; };
		2D1B5135284ABEB1001541A9 /* AlbumPhotosGridViewModel.swift in Sources */ = {isa = PBXBuildFile; fileRef = 2D1B5134284ABEB1001541A9 /* AlbumPhotosGridViewModel.swift */; };
		2D1B5137284ABFA4001541A9 /* AlbumManager.swift in Sources */ = {isa = PBXBuildFile; fileRef = 2D1B5136284ABFA4001541A9 /* AlbumManager.swift */; };
		2D1B513E284AC06C001541A9 /* PhotosAPI.swift in Sources */ = {isa = PBXBuildFile; fileRef = 2D1B513D284AC06C001541A9 /* PhotosAPI.swift */; };
		2D1B5142284AC529001541A9 /* AlbumDetailsPhotosGridViewController + Binding.swift in Sources */ = {isa = PBXBuildFile; fileRef = 2D1B5141284AC529001541A9 /* AlbumDetailsPhotosGridViewController + Binding.swift */; };
		2D1B5144284ACAD5001541A9 /* PhotoCollectionCell.swift in Sources */ = {isa = PBXBuildFile; fileRef = 2D1B5143284ACAD5001541A9 /* PhotoCollectionCell.swift */; };
		2D1B5146284ACC02001541A9 /* UIImage+Ext.swift in Sources */ = {isa = PBXBuildFile; fileRef = 2D1B5145284ACC02001541A9 /* UIImage+Ext.swift */; };
		2D1B5148284ACDE1001541A9 /* AlbumDetailsPhotosGridViewController + CollectionView.swift in Sources */ = {isa = PBXBuildFile; fileRef = 2D1B5147284ACDE1001541A9 /* AlbumDetailsPhotosGridViewController + CollectionView.swift */; };
		2D587AAF2847819200139A58 /* AppDelegate.swift in Sources */ = {isa = PBXBuildFile; fileRef = 2D587AAE2847819200139A58 /* AppDelegate.swift */; };
		2D587AB12847819200139A58 /* SceneDelegate.swift in Sources */ = {isa = PBXBuildFile; fileRef = 2D587AB02847819200139A58 /* SceneDelegate.swift */; };
		2D587AB82847819300139A58 /* Assets.xcassets in Resources */ = {isa = PBXBuildFile; fileRef = 2D587AB72847819300139A58 /* Assets.xcassets */; };
		2D587ABB2847819300139A58 /* LaunchScreen.storyboard in Resources */ = {isa = PBXBuildFile; fileRef = 2D587AB92847819300139A58 /* LaunchScreen.storyboard */; };
		2D587AC62847819300139A58 /* InstaBostaTests.swift in Sources */ = {isa = PBXBuildFile; fileRef = 2D587AC52847819300139A58 /* InstaBostaTests.swift */; };
		2D587AEB284785CE00139A58 /* ProfileViewController.swift in Sources */ = {isa = PBXBuildFile; fileRef = 2D587AEA284785CE00139A58 /* ProfileViewController.swift */; };
		2D587AF028478D9000139A58 /* Config.swift in Sources */ = {isa = PBXBuildFile; fileRef = 2D587AEF28478D9000139A58 /* Config.swift */; };
		2D587AFC28478EA000139A58 /* HTTPMethod.swift in Sources */ = {isa = PBXBuildFile; fileRef = 2D587AF428478EA000139A58 /* HTTPMethod.swift */; };
		2D587AFD28478EA000139A58 /* BaseAPI.swift in Sources */ = {isa = PBXBuildFile; fileRef = 2D587AF528478EA000139A58 /* BaseAPI.swift */; };
		2D587AFE28478EA000139A58 /* BaseParamaters.swift in Sources */ = {isa = PBXBuildFile; fileRef = 2D587AF628478EA000139A58 /* BaseParamaters.swift */; };
		2D587B0128478EA000139A58 /* BaseResponse.swift in Sources */ = {isa = PBXBuildFile; fileRef = 2D587AFB28478EA000139A58 /* BaseResponse.swift */; };
		2D587B0428478EE000139A58 /* ProfileManager.swift in Sources */ = {isa = PBXBuildFile; fileRef = 2D587B0328478EE000139A58 /* ProfileManager.swift */; };
		2D587B0828478F0F00139A58 /* User.swift in Sources */ = {isa = PBXBuildFile; fileRef = 2D587B0728478F0F00139A58 /* User.swift */; };
		2D587B0B2847903900139A58 /* Address.swift in Sources */ = {isa = PBXBuildFile; fileRef = 2D587B0A2847903900139A58 /* Address.swift */; };
		2D587B102847905E00139A58 /* ProfileHeaderViewModel.swift in Sources */ = {isa = PBXBuildFile; fileRef = 2D587B0F2847905E00139A58 /* ProfileHeaderViewModel.swift */; };
		2D587B172847915300139A58 /* ProfileViewModel.swift in Sources */ = {isa = PBXBuildFile; fileRef = 2D587B162847915300139A58 /* ProfileViewModel.swift */; };
		2D587B1B284791E500139A58 /* AccountSummaryHeaderView.swift in Sources */ = {isa = PBXBuildFile; fileRef = 2D587B19284791E500139A58 /* AccountSummaryHeaderView.swift */; };
		2D587B1C284791E500139A58 /* AccountSummaryHeaderView.xib in Resources */ = {isa = PBXBuildFile; fileRef = 2D587B1A284791E500139A58 /* AccountSummaryHeaderView.xib */; };
		2D587B252847AC3E00139A58 /* AlbumTableCell.swift in Sources */ = {isa = PBXBuildFile; fileRef = 2D587B242847AC3E00139A58 /* AlbumTableCell.swift */; };
		2D587B292847AC9B00139A58 /* AlbumItemViewModel.swift in Sources */ = {isa = PBXBuildFile; fileRef = 2D587B282847AC9B00139A58 /* AlbumItemViewModel.swift */; };
		2D587B2B2847ACD900139A58 /* Album.swift in Sources */ = {isa = PBXBuildFile; fileRef = 2D587B2A2847ACD900139A58 /* Album.swift */; };
		2D587B2E2847ADD300139A58 /* Constants.swift in Sources */ = {isa = PBXBuildFile; fileRef = 2D587B2D2847ADD300139A58 /* Constants.swift */; };
		2D587B312847AEB200139A58 /* UIColor+HexValue.swift in Sources */ = {isa = PBXBuildFile; fileRef = 2D587B302847AEB200139A58 /* UIColor+HexValue.swift */; };
		2D587B362847BB4400139A58 /* ProfileViewController+TableView.swift in Sources */ = {isa = PBXBuildFile; fileRef = 2D587B352847BB4400139A58 /* ProfileViewController+TableView.swift */; };
		2DD66B30284B9E0F0022720A /* ApplicationCoordinator.swift in Sources */ = {isa = PBXBuildFile; fileRef = 2DD66B2F284B9E0F0022720A /* ApplicationCoordinator.swift */; };
		2DD66B33284B9E4A0022720A /* Coordinator.swift in Sources */ = {isa = PBXBuildFile; fileRef = 2DD66B32284B9E4A0022720A /* Coordinator.swift */; };
		2DD66B37284B9E800022720A /* MainCoordinator.swift in Sources */ = {isa = PBXBuildFile; fileRef = 2DD66B36284B9E800022720A /* MainCoordinator.swift */; };
		2DD66B3A284B9EAA0022720A /* ProfileCoordinator.swift in Sources */ = {isa = PBXBuildFile; fileRef = 2DD66B39284B9EAA0022720A /* ProfileCoordinator.swift */; };
		2DD66B43284BA2BA0022720A /* PhotoDetailsVC.swift in Sources */ = {isa = PBXBuildFile; fileRef = 2DD66B40284BA2BA0022720A /* PhotoDetailsVC.swift */; };
		2DD66B47284BA4470022720A /* AlbumCoordinator.swift in Sources */ = {isa = PBXBuildFile; fileRef = 2DD66B46284BA4470022720A /* AlbumCoordinator.swift */; };
/* End PBXBuildFile section */

/* Begin PBXContainerItemProxy section */
		2D587AC22847819300139A58 /* PBXContainerItemProxy */ = {
			isa = PBXContainerItemProxy;
			containerPortal = 2D587AA32847819200139A58 /* Project object */;
			proxyType = 1;
			remoteGlobalIDString = 2D587AAA2847819200139A58;
			remoteInfo = InstaBosta;
		};
/* End PBXContainerItemProxy section */

/* Begin PBXFileReference section */
		2D1B5110284A9406001541A9 /* ProfileSection.swift */ = {isa = PBXFileReference; lastKnownFileType = sourcecode.swift; path = ProfileSection.swift; sourceTree = "<group>"; };
		2D1B5112284A94B0001541A9 /* ProfileViewController+Binding.swift */ = {isa = PBXFileReference; lastKnownFileType = sourcecode.swift; path = "ProfileViewController+Binding.swift"; sourceTree = "<group>"; };
		2D1B5124284A98BC001541A9 /* UserAPI.swift */ = {isa = PBXFileReference; lastKnownFileType = sourcecode.swift; path = UserAPI.swift; sourceTree = "<group>"; };
		2D1B5127284AA9F3001541A9 /* AlbumsAPI.swift */ = {isa = PBXFileReference; lastKnownFileType = sourcecode.swift; path = AlbumsAPI.swift; sourceTree = "<group>"; };
		2D1B512B284ABCC2001541A9 /* AlbumDetailsPhotosGridViewController.swift */ = {isa = PBXFileReference; lastKnownFileType = sourcecode.swift; path = AlbumDetailsPhotosGridViewController.swift; sourceTree = "<group>"; };
		2D1B512D284ABD0D001541A9 /* AlbumPhotosGridSection.swift */ = {isa = PBXFileReference; lastKnownFileType = sourcecode.swift; path = AlbumPhotosGridSection.swift; sourceTree = "<group>"; };
		2D1B5130284ABD3C001541A9 /* Photo.swift */ = {isa = PBXFileReference; lastKnownFileType = sourcecode.swift; path = Photo.swift; sourceTree = "<group>"; };
		2D1B5132284ABE31001541A9 /* UICollectionViewFlowLayout + Ext.swift */ = {isa = PBXFileReference; lastKnownFileType = sourcecode.swift; path = "UICollectionViewFlowLayout + Ext.swift"; sourceTree = "<group>"; };
		2D1B5134284ABEB1001541A9 /* AlbumPhotosGridViewModel.swift */ = {isa = PBXFileReference; lastKnownFileType = sourcecode.swift; path = AlbumPhotosGridViewModel.swift; sourceTree = "<group>"; };
		2D1B5136284ABFA4001541A9 /* AlbumManager.swift */ = {isa = PBXFileReference; lastKnownFileType = sourcecode.swift; path = AlbumManager.swift; sourceTree = "<group>"; };
		2D1B513D284AC06C001541A9 /* PhotosAPI.swift */ = {isa = PBXFileReference; lastKnownFileType = sourcecode.swift; path = PhotosAPI.swift; sourceTree = "<group>"; };
		2D1B5141284AC529001541A9 /* AlbumDetailsPhotosGridViewController + Binding.swift */ = {isa = PBXFileReference; lastKnownFileType = sourcecode.swift; path = "AlbumDetailsPhotosGridViewController + Binding.swift"; sourceTree = "<group>"; };
		2D1B5143284ACAD5001541A9 /* PhotoCollectionCell.swift */ = {isa = PBXFileReference; lastKnownFileType = sourcecode.swift; path = PhotoCollectionCell.swift; sourceTree = "<group>"; };
		2D1B5145284ACC02001541A9 /* UIImage+Ext.swift */ = {isa = PBXFileReference; lastKnownFileType = sourcecode.swift; path = "UIImage+Ext.swift"; sourceTree = "<group>"; };
		2D1B5147284ACDE1001541A9 /* AlbumDetailsPhotosGridViewController + CollectionView.swift */ = {isa = PBXFileReference; lastKnownFileType = sourcecode.swift; path = "AlbumDetailsPhotosGridViewController + CollectionView.swift"; sourceTree = "<group>"; };
		2D587AAB2847819200139A58 /* InstaBosta.app */ = {isa = PBXFileReference; explicitFileType = wrapper.application; includeInIndex = 0; path = InstaBosta.app; sourceTree = BUILT_PRODUCTS_DIR; };
		2D587AAE2847819200139A58 /* AppDelegate.swift */ = {isa = PBXFileReference; lastKnownFileType = sourcecode.swift; path = AppDelegate.swift; sourceTree = "<group>"; };
		2D587AB02847819200139A58 /* SceneDelegate.swift */ = {isa = PBXFileReference; lastKnownFileType = sourcecode.swift; path = SceneDelegate.swift; sourceTree = "<group>"; };
		2D587AB72847819300139A58 /* Assets.xcassets */ = {isa = PBXFileReference; lastKnownFileType = folder.assetcatalog; path = Assets.xcassets; sourceTree = "<group>"; };
		2D587ABA2847819300139A58 /* Base */ = {isa = PBXFileReference; lastKnownFileType = file.storyboard; name = Base; path = Base.lproj/LaunchScreen.storyboard; sourceTree = "<group>"; };
		2D587ABC2847819300139A58 /* Info.plist */ = {isa = PBXFileReference; lastKnownFileType = text.plist.xml; path = Info.plist; sourceTree = "<group>"; };
		2D587AC12847819300139A58 /* InstaBostaTests.xctest */ = {isa = PBXFileReference; explicitFileType = wrapper.cfbundle; includeInIndex = 0; path = InstaBostaTests.xctest; sourceTree = BUILT_PRODUCTS_DIR; };
		2D587AC52847819300139A58 /* InstaBostaTests.swift */ = {isa = PBXFileReference; lastKnownFileType = sourcecode.swift; path = InstaBostaTests.swift; sourceTree = "<group>"; };
		2D587ADF2847820800139A58 /* Default.xcconfig */ = {isa = PBXFileReference; lastKnownFileType = text.xcconfig; path = Default.xcconfig; sourceTree = "<group>"; };
		2D587AE22847822700139A58 /* Release.xcconfig */ = {isa = PBXFileReference; lastKnownFileType = text.xcconfig; path = Release.xcconfig; sourceTree = "<group>"; };
		2D587AE32847823200139A58 /* Debug.xcconfig */ = {isa = PBXFileReference; lastKnownFileType = text.xcconfig; path = Debug.xcconfig; sourceTree = "<group>"; };
		2D587AEA284785CE00139A58 /* ProfileViewController.swift */ = {isa = PBXFileReference; lastKnownFileType = sourcecode.swift; path = ProfileViewController.swift; sourceTree = "<group>"; };
		2D587AEF28478D9000139A58 /* Config.swift */ = {isa = PBXFileReference; lastKnownFileType = sourcecode.swift; path = Config.swift; sourceTree = "<group>"; };
		2D587AF428478EA000139A58 /* HTTPMethod.swift */ = {isa = PBXFileReference; fileEncoding = 4; lastKnownFileType = sourcecode.swift; path = HTTPMethod.swift; sourceTree = "<group>"; };
		2D587AF528478EA000139A58 /* BaseAPI.swift */ = {isa = PBXFileReference; fileEncoding = 4; lastKnownFileType = sourcecode.swift; path = BaseAPI.swift; sourceTree = "<group>"; };
		2D587AF628478EA000139A58 /* BaseParamaters.swift */ = {isa = PBXFileReference; fileEncoding = 4; lastKnownFileType = sourcecode.swift; path = BaseParamaters.swift; sourceTree = "<group>"; };
		2D587AFB28478EA000139A58 /* BaseResponse.swift */ = {isa = PBXFileReference; fileEncoding = 4; lastKnownFileType = sourcecode.swift; path = BaseResponse.swift; sourceTree = "<group>"; };
		2D587B0328478EE000139A58 /* ProfileManager.swift */ = {isa = PBXFileReference; fileEncoding = 4; lastKnownFileType = sourcecode.swift; path = ProfileManager.swift; sourceTree = "<group>"; };
		2D587B0728478F0F00139A58 /* User.swift */ = {isa = PBXFileReference; lastKnownFileType = sourcecode.swift; path = User.swift; sourceTree = "<group>"; };
		2D587B0A2847903900139A58 /* Address.swift */ = {isa = PBXFileReference; lastKnownFileType = sourcecode.swift; path = Address.swift; sourceTree = "<group>"; };
		2D587B0F2847905E00139A58 /* ProfileHeaderViewModel.swift */ = {isa = PBXFileReference; lastKnownFileType = sourcecode.swift; path = ProfileHeaderViewModel.swift; sourceTree = "<group>"; };
		2D587B162847915300139A58 /* ProfileViewModel.swift */ = {isa = PBXFileReference; lastKnownFileType = sourcecode.swift; path = ProfileViewModel.swift; sourceTree = "<group>"; };
		2D587B19284791E500139A58 /* AccountSummaryHeaderView.swift */ = {isa = PBXFileReference; fileEncoding = 4; lastKnownFileType = sourcecode.swift; path = AccountSummaryHeaderView.swift; sourceTree = "<group>"; };
		2D587B1A284791E500139A58 /* AccountSummaryHeaderView.xib */ = {isa = PBXFileReference; fileEncoding = 4; lastKnownFileType = file.xib; path = AccountSummaryHeaderView.xib; sourceTree = "<group>"; };
		2D587B242847AC3E00139A58 /* AlbumTableCell.swift */ = {isa = PBXFileReference; lastKnownFileType = sourcecode.swift; path = AlbumTableCell.swift; sourceTree = "<group>"; };
		2D587B282847AC9B00139A58 /* AlbumItemViewModel.swift */ = {isa = PBXFileReference; lastKnownFileType = sourcecode.swift; path = AlbumItemViewModel.swift; sourceTree = "<group>"; };
		2D587B2A2847ACD900139A58 /* Album.swift */ = {isa = PBXFileReference; lastKnownFileType = sourcecode.swift; path = Album.swift; sourceTree = "<group>"; };
		2D587B2D2847ADD300139A58 /* Constants.swift */ = {isa = PBXFileReference; lastKnownFileType = sourcecode.swift; path = Constants.swift; sourceTree = "<group>"; };
		2D587B302847AEB200139A58 /* UIColor+HexValue.swift */ = {isa = PBXFileReference; lastKnownFileType = sourcecode.swift; path = "UIColor+HexValue.swift"; sourceTree = "<group>"; };
		2D587B352847BB4400139A58 /* ProfileViewController+TableView.swift */ = {isa = PBXFileReference; lastKnownFileType = sourcecode.swift; path = "ProfileViewController+TableView.swift"; sourceTree = "<group>"; };
		2DD66B2F284B9E0F0022720A /* ApplicationCoordinator.swift */ = {isa = PBXFileReference; lastKnownFileType = sourcecode.swift; path = ApplicationCoordinator.swift; sourceTree = "<group>"; };
		2DD66B32284B9E4A0022720A /* Coordinator.swift */ = {isa = PBXFileReference; lastKnownFileType = sourcecode.swift; path = Coordinator.swift; sourceTree = "<group>"; };
		2DD66B36284B9E800022720A /* MainCoordinator.swift */ = {isa = PBXFileReference; lastKnownFileType = sourcecode.swift; path = MainCoordinator.swift; sourceTree = "<group>"; };
		2DD66B39284B9EAA0022720A /* ProfileCoordinator.swift */ = {isa = PBXFileReference; lastKnownFileType = sourcecode.swift; path = ProfileCoordinator.swift; sourceTree = "<group>"; };
		2DD66B40284BA2BA0022720A /* PhotoDetailsVC.swift */ = {isa = PBXFileReference; fileEncoding = 4; lastKnownFileType = sourcecode.swift; path = PhotoDetailsVC.swift; sourceTree = "<group>"; };
		2DD66B46284BA4470022720A /* AlbumCoordinator.swift */ = {isa = PBXFileReference; lastKnownFileType = sourcecode.swift; path = AlbumCoordinator.swift; sourceTree = "<group>"; };
/* End PBXFileReference section */

/* Begin PBXFrameworksBuildPhase section */
		2D587AA82847819200139A58 /* Frameworks */ = {
			isa = PBXFrameworksBuildPhase;
			buildActionMask = 2147483647;
			files = (
				2D1B5121284A9794001541A9 /* RxMoya in Frameworks */,
				2D1B510D284A6447001541A9 /* Differentiator in Frameworks */,
				2D1B511F284A9794001541A9 /* ReactiveMoya in Frameworks */,
				2D1B510F284A6447001541A9 /* RxDataSources in Frameworks */,
				2D1B511D284A9794001541A9 /* Moya in Frameworks */,
			);
			runOnlyForDeploymentPostprocessing = 0;
		};
		2D587ABE2847819300139A58 /* Frameworks */ = {
			isa = PBXFrameworksBuildPhase;
			buildActionMask = 2147483647;
			files = (
			);
			runOnlyForDeploymentPostprocessing = 0;
		};
/* End PBXFrameworksBuildPhase section */

/* Begin PBXGroup section */
		2D1B5122284A98AD001541A9 /* UserAPI */ = {
			isa = PBXGroup;
			children = (
				2D1B5124284A98BC001541A9 /* UserAPI.swift */,
			);
			path = UserAPI;
			sourceTree = "<group>";
		};
		2D1B5123284A98B4001541A9 /* AlbumsAPI */ = {
			isa = PBXGroup;
			children = (
				2D1B5127284AA9F3001541A9 /* AlbumsAPI.swift */,
			);
			path = AlbumsAPI;
			sourceTree = "<group>";
		};
		2D1B5126284AA9D5001541A9 /* APIS */ = {
			isa = PBXGroup;
			children = (
				2D1B5138284AC01C001541A9 /* PhotosAPI */,
				2D1B5123284A98B4001541A9 /* AlbumsAPI */,
				2D1B5122284A98AD001541A9 /* UserAPI */,
			);
			path = APIS;
			sourceTree = "<group>";
		};
		2D1B512A284ABCAA001541A9 /* AlbumDetailsPhotosGrid */ = {
			isa = PBXGroup;
			children = (
				2D1B5140284AC11C001541A9 /* UIViewController */,
				2D1B513F284AC11A001541A9 /* Cell */,
			);
			path = AlbumDetailsPhotosGrid;
			sourceTree = "<group>";
		};
		2D1B512F284ABD38001541A9 /* Photo */ = {
			isa = PBXGroup;
			children = (
				2D1B5130284ABD3C001541A9 /* Photo.swift */,
			);
			path = Photo;
			sourceTree = "<group>";
		};
		2D1B5138284AC01C001541A9 /* PhotosAPI */ = {
			isa = PBXGroup;
			children = (
				2D1B513D284AC06C001541A9 /* PhotosAPI.swift */,
			);
			path = PhotosAPI;
			sourceTree = "<group>";
		};
		2D1B513F284AC11A001541A9 /* Cell */ = {
			isa = PBXGroup;
			children = (
				2D1B5143284ACAD5001541A9 /* PhotoCollectionCell.swift */,
			);
			path = Cell;
			sourceTree = "<group>";
		};
		2D1B5140284AC11C001541A9 /* UIViewController */ = {
			isa = PBXGroup;
			children = (
				2D1B512B284ABCC2001541A9 /* AlbumDetailsPhotosGridViewController.swift */,
				2D1B5141284AC529001541A9 /* AlbumDetailsPhotosGridViewController + Binding.swift */,
				2D1B5147284ACDE1001541A9 /* AlbumDetailsPhotosGridViewController + CollectionView.swift */,
			);
			path = UIViewController;
			sourceTree = "<group>";
		};
		2D587AA22847819200139A58 = {
			isa = PBXGroup;
			children = (
				2D587AAD2847819200139A58 /* InstaBosta */,
				2D587AC42847819300139A58 /* InstaBostaTests */,
				2D587AAC2847819200139A58 /* Products */,
			);
			sourceTree = "<group>";
		};
		2D587AAC2847819200139A58 /* Products */ = {
			isa = PBXGroup;
			children = (
				2D587AAB2847819200139A58 /* InstaBosta.app */,
				2D587AC12847819300139A58 /* InstaBostaTests.xctest */,
			);
			name = Products;
			sourceTree = "<group>";
		};
		2D587AAD2847819200139A58 /* InstaBosta */ = {
			isa = PBXGroup;
			children = (
				2D587B2C2847ADCD00139A58 /* Common */,
				2D587ADE284781F200139A58 /* Configurations */,
				2D587AF128478E7A00139A58 /* Network Layer */,
				2DD66B2D284B9DE30022720A /* Coordinator Layer */,
				2D587B0D2847905600139A58 /* BusinessLogic Layer */,
				2D587B0528478F0800139A58 /* Data Layer */,
				2D587AE42847844400139A58 /* Presentation Layer */,
				2D587ABC2847819300139A58 /* Info.plist */,
			);
			path = InstaBosta;
			sourceTree = "<group>";
		};
		2D587AC42847819300139A58 /* InstaBostaTests */ = {
			isa = PBXGroup;
			children = (
				2D587AC52847819300139A58 /* InstaBostaTests.swift */,
			);
			path = InstaBostaTests;
			sourceTree = "<group>";
		};
		2D587ADE284781F200139A58 /* Configurations */ = {
			isa = PBXGroup;
			children = (
				2D587ADF2847820800139A58 /* Default.xcconfig */,
				2D587AE22847822700139A58 /* Release.xcconfig */,
				2D587AE32847823200139A58 /* Debug.xcconfig */,
				2D587AEF28478D9000139A58 /* Config.swift */,
			);
			path = Configurations;
			sourceTree = "<group>";
		};
		2D587AE42847844400139A58 /* Presentation Layer */ = {
			isa = PBXGroup;
			children = (
				2DD66B3D284BA2AC0022720A /* Helpers */,
				2D587B2F2847AE9F00139A58 /* UIKit+Extensions */,
				2D587AEC28478B1E00139A58 /* Scenes */,
				2D587AE92847849300139A58 /* Scene App Delegate */,
				2D587AE82847848300139A58 /* Resources */,
				2D587AE52847845100139A58 /* Storyboards */,
			);
			path = "Presentation Layer";
			sourceTree = "<group>";
		};
		2D587AE52847845100139A58 /* Storyboards */ = {
			isa = PBXGroup;
			children = (
				2D587AE62847845500139A58 /* Launch */,
			);
			path = Storyboards;
			sourceTree = "<group>";
		};
		2D587AE62847845500139A58 /* Launch */ = {
			isa = PBXGroup;
			children = (
				2D587AB92847819300139A58 /* LaunchScreen.storyboard */,
			);
			path = Launch;
			sourceTree = "<group>";
		};
		2D587AE72847846200139A58 /* UIViewControllers */ = {
			isa = PBXGroup;
			children = (
				2D587AEA284785CE00139A58 /* ProfileViewController.swift */,
				2D1B5112284A94B0001541A9 /* ProfileViewController+Binding.swift */,
				2D587B352847BB4400139A58 /* ProfileViewController+TableView.swift */,
			);
			path = UIViewControllers;
			sourceTree = "<group>";
		};
		2D587AE82847848300139A58 /* Resources */ = {
			isa = PBXGroup;
			children = (
				2D587AB72847819300139A58 /* Assets.xcassets */,
			);
			path = Resources;
			sourceTree = "<group>";
		};
		2D587AE92847849300139A58 /* Scene App Delegate */ = {
			isa = PBXGroup;
			children = (
				2D587AB02847819200139A58 /* SceneDelegate.swift */,
				2D587AAE2847819200139A58 /* AppDelegate.swift */,
			);
			path = "Scene App Delegate";
			sourceTree = "<group>";
		};
		2D587AEC28478B1E00139A58 /* Scenes */ = {
			isa = PBXGroup;
			children = (
				2DD66B3B284BA2040022720A /* PhotoDetails */,
				2D1B512A284ABCAA001541A9 /* AlbumDetailsPhotosGrid */,
				2D587AED28478B2700139A58 /* Profile */,
			);
			path = Scenes;
			sourceTree = "<group>";
		};
		2D587AED28478B2700139A58 /* Profile */ = {
			isa = PBXGroup;
			children = (
				2D587B232847AC2C00139A58 /* Cells */,
				2D587B18284791D100139A58 /* Header */,
				2D587AE72847846200139A58 /* UIViewControllers */,
			);
			path = Profile;
			sourceTree = "<group>";
		};
		2D587AF128478E7A00139A58 /* Network Layer */ = {
			isa = PBXGroup;
			children = (
				2D587AF328478E8400139A58 /* Networking */,
				2D587AF228478E8300139A58 /* Base */,
			);
			path = "Network Layer";
			sourceTree = "<group>";
		};
		2D587AF228478E8300139A58 /* Base */ = {
			isa = PBXGroup;
			children = (
				2D587AF528478EA000139A58 /* BaseAPI.swift */,
				2D587AF628478EA000139A58 /* BaseParamaters.swift */,
				2D587AF928478EA000139A58 /* Response */,
				2D587AF428478EA000139A58 /* HTTPMethod.swift */,
			);
			path = Base;
			sourceTree = "<group>";
		};
		2D587AF328478E8400139A58 /* Networking */ = {
			isa = PBXGroup;
			children = (
				2D1B5126284AA9D5001541A9 /* APIS */,
				2D587B0228478EC300139A58 /* Managers */,
			);
			path = Networking;
			sourceTree = "<group>";
		};
		2D587AF928478EA000139A58 /* Response */ = {
			isa = PBXGroup;
			children = (
				2D587AFB28478EA000139A58 /* BaseResponse.swift */,
			);
			path = Response;
			sourceTree = "<group>";
		};
		2D587B0228478EC300139A58 /* Managers */ = {
			isa = PBXGroup;
			children = (
				2D587B0328478EE000139A58 /* ProfileManager.swift */,
				2D1B5136284ABFA4001541A9 /* AlbumManager.swift */,
			);
			path = Managers;
			sourceTree = "<group>";
		};
		2D587B0528478F0800139A58 /* Data Layer */ = {
			isa = PBXGroup;
			children = (
				2D587B0628478F0B00139A58 /* Models */,
			);
			path = "Data Layer";
			sourceTree = "<group>";
		};
		2D587B0628478F0B00139A58 /* Models */ = {
			isa = PBXGroup;
			children = (
				2D1B512F284ABD38001541A9 /* Photo */,
				2D587B262847AC7700139A58 /* Album */,
				2D587B092847902F00139A58 /* Profile */,
			);
			path = Models;
			sourceTree = "<group>";
		};
		2D587B092847902F00139A58 /* Profile */ = {
			isa = PBXGroup;
			children = (
				2D587B0728478F0F00139A58 /* User.swift */,
				2D587B0A2847903900139A58 /* Address.swift */,
				2D1B5110284A9406001541A9 /* ProfileSection.swift */,
			);
			path = Profile;
			sourceTree = "<group>";
		};
		2D587B0D2847905600139A58 /* BusinessLogic Layer */ = {
			isa = PBXGroup;
			children = (
				2DD66B2E284B9DF20022720A /* ViewModels */,
			);
			path = "BusinessLogic Layer";
			sourceTree = "<group>";
		};
		2D587B0E2847905900139A58 /* Profile */ = {
			isa = PBXGroup;
			children = (
				2D587B0F2847905E00139A58 /* ProfileHeaderViewModel.swift */,
				2D587B282847AC9B00139A58 /* AlbumItemViewModel.swift */,
				2D587B162847915300139A58 /* ProfileViewModel.swift */,
			);
			path = Profile;
			sourceTree = "<group>";
		};
		2D587B18284791D100139A58 /* Header */ = {
			isa = PBXGroup;
			children = (
				2D587B19284791E500139A58 /* AccountSummaryHeaderView.swift */,
				2D587B1A284791E500139A58 /* AccountSummaryHeaderView.xib */,
			);
			path = Header;
			sourceTree = "<group>";
		};
		2D587B232847AC2C00139A58 /* Cells */ = {
			isa = PBXGroup;
			children = (
				2D587B242847AC3E00139A58 /* AlbumTableCell.swift */,
			);
			path = Cells;
			sourceTree = "<group>";
		};
		2D587B262847AC7700139A58 /* Album */ = {
			isa = PBXGroup;
			children = (
				2D587B2A2847ACD900139A58 /* Album.swift */,
				2D1B512D284ABD0D001541A9 /* AlbumPhotosGridSection.swift */,
			);
			path = Album;
			sourceTree = "<group>";
		};
		2D587B272847AC8400139A58 /* Album */ = {
			isa = PBXGroup;
			children = (
				2D1B5134284ABEB1001541A9 /* AlbumPhotosGridViewModel.swift */,
			);
			path = Album;
			sourceTree = "<group>";
		};
		2D587B2C2847ADCD00139A58 /* Common */ = {
			isa = PBXGroup;
			children = (
				2D587B2D2847ADD300139A58 /* Constants.swift */,
			);
			path = Common;
			sourceTree = "<group>";
		};
		2D587B2F2847AE9F00139A58 /* UIKit+Extensions */ = {
			isa = PBXGroup;
			children = (
				2D587B302847AEB200139A58 /* UIColor+HexValue.swift */,
				2D1B5145284ACC02001541A9 /* UIImage+Ext.swift */,
				2D1B5132284ABE31001541A9 /* UICollectionViewFlowLayout + Ext.swift */,
			);
			path = "UIKit+Extensions";
			sourceTree = "<group>";
		};
		2DD66B2D284B9DE30022720A /* Coordinator Layer */ = {
			isa = PBXGroup;
			children = (
				2DD66B45284BA4370022720A /* Album */,
				2DD66B38284B9E9B0022720A /* Profile */,
				2DD66B35284B9E720022720A /* Main */,
				2DD66B34284B9E570022720A /* Protocols */,
				2DD66B31284B9E3C0022720A /* App Coordinator */,
			);
			path = "Coordinator Layer";
			sourceTree = "<group>";
		};
		2DD66B2E284B9DF20022720A /* ViewModels */ = {
			isa = PBXGroup;
			children = (
				2D587B272847AC8400139A58 /* Album */,
				2D587B0E2847905900139A58 /* Profile */,
			);
			path = ViewModels;
			sourceTree = "<group>";
		};
		2DD66B31284B9E3C0022720A /* App Coordinator */ = {
			isa = PBXGroup;
			children = (
				2DD66B2F284B9E0F0022720A /* ApplicationCoordinator.swift */,
			);
			path = "App Coordinator";
			sourceTree = "<group>";
		};
		2DD66B34284B9E570022720A /* Protocols */ = {
			isa = PBXGroup;
			children = (
				2DD66B32284B9E4A0022720A /* Coordinator.swift */,
			);
			path = Protocols;
			sourceTree = "<group>";
		};
		2DD66B35284B9E720022720A /* Main */ = {
			isa = PBXGroup;
			children = (
				2DD66B36284B9E800022720A /* MainCoordinator.swift */,
			);
			path = Main;
			sourceTree = "<group>";
		};
		2DD66B38284B9E9B0022720A /* Profile */ = {
			isa = PBXGroup;
			children = (
				2DD66B39284B9EAA0022720A /* ProfileCoordinator.swift */,
			);
			path = Profile;
			sourceTree = "<group>";
		};
		2DD66B3B284BA2040022720A /* PhotoDetails */ = {
			isa = PBXGroup;
			children = (
				2DD66B3C284BA2090022720A /* UIViewController */,
			);
			path = PhotoDetails;
			sourceTree = "<group>";
		};
		2DD66B3C284BA2090022720A /* UIViewController */ = {
			isa = PBXGroup;
			children = (
			);
			path = UIViewController;
			sourceTree = "<group>";
		};
		2DD66B3D284BA2AC0022720A /* Helpers */ = {
			isa = PBXGroup;
			children = (
				2DD66B3E284BA2BA0022720A /* ZoomAbleImage */,
			);
			path = Helpers;
			sourceTree = "<group>";
		};
		2DD66B3E284BA2BA0022720A /* ZoomAbleImage */ = {
			isa = PBXGroup;
			children = (
				2DD66B40284BA2BA0022720A /* PhotoDetailsVC.swift */,
			);
			path = ZoomAbleImage;
			sourceTree = "<group>";
		};
		2DD66B45284BA4370022720A /* Album */ = {
			isa = PBXGroup;
			children = (
				2DD66B46284BA4470022720A /* AlbumCoordinator.swift */,
			);
			path = Album;
			sourceTree = "<group>";
		};
/* End PBXGroup section */

/* Begin PBXNativeTarget section */
		2D587AAA2847819200139A58 /* InstaBosta */ = {
			isa = PBXNativeTarget;
			buildConfigurationList = 2D587AD52847819300139A58 /* Build configuration list for PBXNativeTarget "InstaBosta" */;
			buildPhases = (
				2D587AA72847819200139A58 /* Sources */,
				2D587AA82847819200139A58 /* Frameworks */,
				2D587AA92847819200139A58 /* Resources */,
			);
			buildRules = (
			);
			dependencies = (
			);
			name = InstaBosta;
			packageProductDependencies = (
				2D1B510C284A6447001541A9 /* Differentiator */,
				2D1B510E284A6447001541A9 /* RxDataSources */,
				2D1B511C284A9794001541A9 /* Moya */,
				2D1B511E284A9794001541A9 /* ReactiveMoya */,
				2D1B5120284A9794001541A9 /* RxMoya */,
			);
			productName = InstaBosta;
			productReference = 2D587AAB2847819200139A58 /* InstaBosta.app */;
			productType = "com.apple.product-type.application";
		};
		2D587AC02847819300139A58 /* InstaBostaTests */ = {
			isa = PBXNativeTarget;
			buildConfigurationList = 2D587AD82847819300139A58 /* Build configuration list for PBXNativeTarget "InstaBostaTests" */;
			buildPhases = (
				2D587ABD2847819300139A58 /* Sources */,
				2D587ABE2847819300139A58 /* Frameworks */,
				2D587ABF2847819300139A58 /* Resources */,
			);
			buildRules = (
			);
			dependencies = (
				2D587AC32847819300139A58 /* PBXTargetDependency */,
			);
			name = InstaBostaTests;
			productName = InstaBostaTests;
			productReference = 2D587AC12847819300139A58 /* InstaBostaTests.xctest */;
			productType = "com.apple.product-type.bundle.unit-test";
		};
/* End PBXNativeTarget section */

/* Begin PBXProject section */
		2D587AA32847819200139A58 /* Project object */ = {
			isa = PBXProject;
			attributes = {
				BuildIndependentTargetsInParallel = 1;
				LastSwiftUpdateCheck = 1330;
				LastUpgradeCheck = 1330;
				TargetAttributes = {
					2D587AAA2847819200139A58 = {
						CreatedOnToolsVersion = 13.3.1;
					};
					2D587AC02847819300139A58 = {
						CreatedOnToolsVersion = 13.3.1;
						TestTargetID = 2D587AAA2847819200139A58;
					};
				};
			};
			buildConfigurationList = 2D587AA62847819200139A58 /* Build configuration list for PBXProject "InstaBosta" */;
			compatibilityVersion = "Xcode 13.0";
			developmentRegion = en;
			hasScannedForEncodings = 0;
			knownRegions = (
				en,
				Base,
			);
			mainGroup = 2D587AA22847819200139A58;
			packageReferences = (
				2D1B5102284A6337001541A9 /* XCRemoteSwiftPackageReference "RxSwift" */,
				2D1B510B284A6447001541A9 /* XCRemoteSwiftPackageReference "RxDataSources" */,
				2D1B511B284A9794001541A9 /* XCRemoteSwiftPackageReference "Moya" */,
			);
			productRefGroup = 2D587AAC2847819200139A58 /* Products */;
			projectDirPath = "";
			projectRoot = "";
			targets = (
				2D587AAA2847819200139A58 /* InstaBosta */,
				2D587AC02847819300139A58 /* InstaBostaTests */,
			);
		};
/* End PBXProject section */

/* Begin PBXResourcesBuildPhase section */
		2D587AA92847819200139A58 /* Resources */ = {
			isa = PBXResourcesBuildPhase;
			buildActionMask = 2147483647;
			files = (
				2D587B1C284791E500139A58 /* AccountSummaryHeaderView.xib in Resources */,
				2D587ABB2847819300139A58 /* LaunchScreen.storyboard in Resources */,
				2D587AB82847819300139A58 /* Assets.xcassets in Resources */,
			);
			runOnlyForDeploymentPostprocessing = 0;
		};
		2D587ABF2847819300139A58 /* Resources */ = {
			isa = PBXResourcesBuildPhase;
			buildActionMask = 2147483647;
			files = (
			);
			runOnlyForDeploymentPostprocessing = 0;
		};
/* End PBXResourcesBuildPhase section */

/* Begin PBXSourcesBuildPhase section */
		2D587AA72847819200139A58 /* Sources */ = {
			isa = PBXSourcesBuildPhase;
			buildActionMask = 2147483647;
			files = (
				2D587B252847AC3E00139A58 /* AlbumTableCell.swift in Sources */,
				2D587AFC28478EA000139A58 /* HTTPMethod.swift in Sources */,
				2D1B512E284ABD0D001541A9 /* AlbumPhotosGridSection.swift in Sources */,
				2D1B5131284ABD3C001541A9 /* Photo.swift in Sources */,
				2D587B0828478F0F00139A58 /* User.swift in Sources */,
				2D1B5137284ABFA4001541A9 /* AlbumManager.swift in Sources */,
				2D1B5125284A98BC001541A9 /* UserAPI.swift in Sources */,
				2D587B0B2847903900139A58 /* Address.swift in Sources */,
				2D1B5111284A9406001541A9 /* ProfileSection.swift in Sources */,
				2D587AEB284785CE00139A58 /* ProfileViewController.swift in Sources */,
				2D587B312847AEB200139A58 /* UIColor+HexValue.swift in Sources */,
				2D587B102847905E00139A58 /* ProfileHeaderViewModel.swift in Sources */,
				2D587B0428478EE000139A58 /* ProfileManager.swift in Sources */,
				2D1B5135284ABEB1001541A9 /* AlbumPhotosGridViewModel.swift in Sources */,
				2D1B5142284AC529001541A9 /* AlbumDetailsPhotosGridViewController + Binding.swift in Sources */,
				2DD66B33284B9E4A0022720A /* Coordinator.swift in Sources */,
				2D1B5133284ABE31001541A9 /* UICollectionViewFlowLayout + Ext.swift in Sources */,
				2D587AF028478D9000139A58 /* Config.swift in Sources */,
				2D587B1B284791E500139A58 /* AccountSummaryHeaderView.swift in Sources */,
				2D1B5113284A94B0001541A9 /* ProfileViewController+Binding.swift in Sources */,
				2D1B5148284ACDE1001541A9 /* AlbumDetailsPhotosGridViewController + CollectionView.swift in Sources */,
				2D1B5146284ACC02001541A9 /* UIImage+Ext.swift in Sources */,
				2D1B513E284AC06C001541A9 /* PhotosAPI.swift in Sources */,
				2D587B2E2847ADD300139A58 /* Constants.swift in Sources */,
				2DD66B30284B9E0F0022720A /* ApplicationCoordinator.swift in Sources */,
				2D587AFD28478EA000139A58 /* BaseAPI.swift in Sources */,
				2D587B172847915300139A58 /* ProfileViewModel.swift in Sources */,
				2D587B0128478EA000139A58 /* BaseResponse.swift in Sources */,
				2D587B292847AC9B00139A58 /* AlbumItemViewModel.swift in Sources */,
				2D587AAF2847819200139A58 /* AppDelegate.swift in Sources */,
				2D587AFE28478EA000139A58 /* BaseParamaters.swift in Sources */,
				2D587AB12847819200139A58 /* SceneDelegate.swift in Sources */,
				2DD66B43284BA2BA0022720A /* PhotoDetailsVC.swift in Sources */,
				2D587B362847BB4400139A58 /* ProfileViewController+TableView.swift in Sources */,
				2DD66B37284B9E800022720A /* MainCoordinator.swift in Sources */,
				2DD66B3A284B9EAA0022720A /* ProfileCoordinator.swift in Sources */,
				2D587B2B2847ACD900139A58 /* Album.swift in Sources */,
				2DD66B47284BA4470022720A /* AlbumCoordinator.swift in Sources */,
				2D1B5144284ACAD5001541A9 /* PhotoCollectionCell.swift in Sources */,
				2D1B512C284ABCC2001541A9 /* AlbumDetailsPhotosGridViewController.swift in Sources */,
				2D1B5128284AA9F3001541A9 /* AlbumsAPI.swift in Sources */,
			);
			runOnlyForDeploymentPostprocessing = 0;
		};
		2D587ABD2847819300139A58 /* Sources */ = {
			isa = PBXSourcesBuildPhase;
			buildActionMask = 2147483647;
			files = (
				2D587AC62847819300139A58 /* InstaBostaTests.swift in Sources */,
			);
			runOnlyForDeploymentPostprocessing = 0;
		};
/* End PBXSourcesBuildPhase section */

/* Begin PBXTargetDependency section */
		2D587AC32847819300139A58 /* PBXTargetDependency */ = {
			isa = PBXTargetDependency;
			target = 2D587AAA2847819200139A58 /* InstaBosta */;
			targetProxy = 2D587AC22847819300139A58 /* PBXContainerItemProxy */;
		};
/* End PBXTargetDependency section */

/* Begin PBXVariantGroup section */
		2D587AB92847819300139A58 /* LaunchScreen.storyboard */ = {
			isa = PBXVariantGroup;
			children = (
				2D587ABA2847819300139A58 /* Base */,
			);
			name = LaunchScreen.storyboard;
			sourceTree = "<group>";
		};
/* End PBXVariantGroup section */

/* Begin XCBuildConfiguration section */
		2D587AD32847819300139A58 /* Debug */ = {
			isa = XCBuildConfiguration;
			baseConfigurationReference = 2D587ADF2847820800139A58 /* Default.xcconfig */;
			buildSettings = {
				ALWAYS_SEARCH_USER_PATHS = NO;
				CLANG_ANALYZER_NONNULL = YES;
				CLANG_ANALYZER_NUMBER_OBJECT_CONVERSION = YES_AGGRESSIVE;
				CLANG_CXX_LANGUAGE_STANDARD = "gnu++17";
				CLANG_ENABLE_MODULES = YES;
				CLANG_ENABLE_OBJC_ARC = YES;
				CLANG_ENABLE_OBJC_WEAK = YES;
				CLANG_WARN_BLOCK_CAPTURE_AUTORELEASING = YES;
				CLANG_WARN_BOOL_CONVERSION = YES;
				CLANG_WARN_COMMA = YES;
				CLANG_WARN_CONSTANT_CONVERSION = YES;
				CLANG_WARN_DEPRECATED_OBJC_IMPLEMENTATIONS = YES;
				CLANG_WARN_DIRECT_OBJC_ISA_USAGE = YES_ERROR;
				CLANG_WARN_DOCUMENTATION_COMMENTS = YES;
				CLANG_WARN_EMPTY_BODY = YES;
				CLANG_WARN_ENUM_CONVERSION = YES;
				CLANG_WARN_INFINITE_RECURSION = YES;
				CLANG_WARN_INT_CONVERSION = YES;
				CLANG_WARN_NON_LITERAL_NULL_CONVERSION = YES;
				CLANG_WARN_OBJC_IMPLICIT_RETAIN_SELF = YES;
				CLANG_WARN_OBJC_LITERAL_CONVERSION = YES;
				CLANG_WARN_OBJC_ROOT_CLASS = YES_ERROR;
				CLANG_WARN_QUOTED_INCLUDE_IN_FRAMEWORK_HEADER = YES;
				CLANG_WARN_RANGE_LOOP_ANALYSIS = YES;
				CLANG_WARN_STRICT_PROTOTYPES = YES;
				CLANG_WARN_SUSPICIOUS_MOVE = YES;
				CLANG_WARN_UNGUARDED_AVAILABILITY = YES_AGGRESSIVE;
				CLANG_WARN_UNREACHABLE_CODE = YES;
				CLANG_WARN__DUPLICATE_METHOD_MATCH = YES;
				COPY_PHASE_STRIP = NO;
				DEBUG_INFORMATION_FORMAT = dwarf;
				ENABLE_STRICT_OBJC_MSGSEND = YES;
				ENABLE_TESTABILITY = YES;
				GCC_C_LANGUAGE_STANDARD = gnu11;
				GCC_DYNAMIC_NO_PIC = NO;
				GCC_NO_COMMON_BLOCKS = YES;
				GCC_OPTIMIZATION_LEVEL = 0;
				GCC_PREPROCESSOR_DEFINITIONS = (
					"DEBUG=1",
					"$(inherited)",
				);
				GCC_WARN_64_TO_32_BIT_CONVERSION = YES;
				GCC_WARN_ABOUT_RETURN_TYPE = YES_ERROR;
				GCC_WARN_UNDECLARED_SELECTOR = YES;
				GCC_WARN_UNINITIALIZED_AUTOS = YES_AGGRESSIVE;
				GCC_WARN_UNUSED_FUNCTION = YES;
				GCC_WARN_UNUSED_VARIABLE = YES;
				IPHONEOS_DEPLOYMENT_TARGET = 15.4;
				MTL_ENABLE_DEBUG_INFO = INCLUDE_SOURCE;
				MTL_FAST_MATH = YES;
				ONLY_ACTIVE_ARCH = YES;
				SDKROOT = iphoneos;
				SWIFT_ACTIVE_COMPILATION_CONDITIONS = DEBUG;
				SWIFT_OPTIMIZATION_LEVEL = "-Onone";
			};
			name = Debug;
		};
		2D587AD42847819300139A58 /* Release */ = {
			isa = XCBuildConfiguration;
			baseConfigurationReference = 2D587ADF2847820800139A58 /* Default.xcconfig */;
			buildSettings = {
				ALWAYS_SEARCH_USER_PATHS = NO;
				CLANG_ANALYZER_NONNULL = YES;
				CLANG_ANALYZER_NUMBER_OBJECT_CONVERSION = YES_AGGRESSIVE;
				CLANG_CXX_LANGUAGE_STANDARD = "gnu++17";
				CLANG_ENABLE_MODULES = YES;
				CLANG_ENABLE_OBJC_ARC = YES;
				CLANG_ENABLE_OBJC_WEAK = YES;
				CLANG_WARN_BLOCK_CAPTURE_AUTORELEASING = YES;
				CLANG_WARN_BOOL_CONVERSION = YES;
				CLANG_WARN_COMMA = YES;
				CLANG_WARN_CONSTANT_CONVERSION = YES;
				CLANG_WARN_DEPRECATED_OBJC_IMPLEMENTATIONS = YES;
				CLANG_WARN_DIRECT_OBJC_ISA_USAGE = YES_ERROR;
				CLANG_WARN_DOCUMENTATION_COMMENTS = YES;
				CLANG_WARN_EMPTY_BODY = YES;
				CLANG_WARN_ENUM_CONVERSION = YES;
				CLANG_WARN_INFINITE_RECURSION = YES;
				CLANG_WARN_INT_CONVERSION = YES;
				CLANG_WARN_NON_LITERAL_NULL_CONVERSION = YES;
				CLANG_WARN_OBJC_IMPLICIT_RETAIN_SELF = YES;
				CLANG_WARN_OBJC_LITERAL_CONVERSION = YES;
				CLANG_WARN_OBJC_ROOT_CLASS = YES_ERROR;
				CLANG_WARN_QUOTED_INCLUDE_IN_FRAMEWORK_HEADER = YES;
				CLANG_WARN_RANGE_LOOP_ANALYSIS = YES;
				CLANG_WARN_STRICT_PROTOTYPES = YES;
				CLANG_WARN_SUSPICIOUS_MOVE = YES;
				CLANG_WARN_UNGUARDED_AVAILABILITY = YES_AGGRESSIVE;
				CLANG_WARN_UNREACHABLE_CODE = YES;
				CLANG_WARN__DUPLICATE_METHOD_MATCH = YES;
				COPY_PHASE_STRIP = NO;
				DEBUG_INFORMATION_FORMAT = "dwarf-with-dsym";
				ENABLE_NS_ASSERTIONS = NO;
				ENABLE_STRICT_OBJC_MSGSEND = YES;
				GCC_C_LANGUAGE_STANDARD = gnu11;
				GCC_NO_COMMON_BLOCKS = YES;
				GCC_WARN_64_TO_32_BIT_CONVERSION = YES;
				GCC_WARN_ABOUT_RETURN_TYPE = YES_ERROR;
				GCC_WARN_UNDECLARED_SELECTOR = YES;
				GCC_WARN_UNINITIALIZED_AUTOS = YES_AGGRESSIVE;
				GCC_WARN_UNUSED_FUNCTION = YES;
				GCC_WARN_UNUSED_VARIABLE = YES;
				IPHONEOS_DEPLOYMENT_TARGET = 15.4;
				MTL_ENABLE_DEBUG_INFO = NO;
				MTL_FAST_MATH = YES;
				SDKROOT = iphoneos;
				SWIFT_COMPILATION_MODE = wholemodule;
				SWIFT_OPTIMIZATION_LEVEL = "-O";
				VALIDATE_PRODUCT = YES;
			};
			name = Release;
		};
		2D587AD62847819300139A58 /* Debug */ = {
			isa = XCBuildConfiguration;
			baseConfigurationReference = 2D587AE32847823200139A58 /* Debug.xcconfig */;
			buildSettings = {
				ASSETCATALOG_COMPILER_APPICON_NAME = AppIcon;
				ASSETCATALOG_COMPILER_GLOBAL_ACCENT_COLOR_NAME = AccentColor;
				CODE_SIGN_STYLE = Automatic;
				CURRENT_PROJECT_VERSION = 1;
				GENERATE_INFOPLIST_FILE = YES;
				INFOPLIST_FILE = InstaBosta/Info.plist;
				INFOPLIST_KEY_UIApplicationSupportsIndirectInputEvents = YES;
				INFOPLIST_KEY_UILaunchStoryboardName = LaunchScreen;
				INFOPLIST_KEY_UISupportedInterfaceOrientations_iPad = "UIInterfaceOrientationPortrait UIInterfaceOrientationPortraitUpsideDown UIInterfaceOrientationLandscapeLeft UIInterfaceOrientationLandscapeRight";
				INFOPLIST_KEY_UISupportedInterfaceOrientations_iPhone = "UIInterfaceOrientationPortrait UIInterfaceOrientationLandscapeLeft UIInterfaceOrientationLandscapeRight";
				LD_RUNPATH_SEARCH_PATHS = (
					"$(inherited)",
					"@executable_path/Frameworks",
				);
				MARKETING_VERSION = 1.0;
				PRODUCT_BUNDLE_IDENTIFIER = com.atabany.InstaBosta;
				PRODUCT_NAME = "$(TARGET_NAME)";
				SWIFT_EMIT_LOC_STRINGS = YES;
				SWIFT_VERSION = 5.0;
				TARGETED_DEVICE_FAMILY = "1,2";
			};
			name = Debug;
		};
		2D587AD72847819300139A58 /* Release */ = {
			isa = XCBuildConfiguration;
			baseConfigurationReference = 2D587AE22847822700139A58 /* Release.xcconfig */;
			buildSettings = {
				ASSETCATALOG_COMPILER_APPICON_NAME = AppIcon;
				ASSETCATALOG_COMPILER_GLOBAL_ACCENT_COLOR_NAME = AccentColor;
				CODE_SIGN_STYLE = Automatic;
				CURRENT_PROJECT_VERSION = 1;
				GENERATE_INFOPLIST_FILE = YES;
				INFOPLIST_FILE = InstaBosta/Info.plist;
				INFOPLIST_KEY_UIApplicationSupportsIndirectInputEvents = YES;
				INFOPLIST_KEY_UILaunchStoryboardName = LaunchScreen;
				INFOPLIST_KEY_UISupportedInterfaceOrientations_iPad = "UIInterfaceOrientationPortrait UIInterfaceOrientationPortraitUpsideDown UIInterfaceOrientationLandscapeLeft UIInterfaceOrientationLandscapeRight";
				INFOPLIST_KEY_UISupportedInterfaceOrientations_iPhone = "UIInterfaceOrientationPortrait UIInterfaceOrientationLandscapeLeft UIInterfaceOrientationLandscapeRight";
				LD_RUNPATH_SEARCH_PATHS = (
					"$(inherited)",
					"@executable_path/Frameworks",
				);
				MARKETING_VERSION = 1.0;
				PRODUCT_BUNDLE_IDENTIFIER = com.atabany.InstaBosta;
				PRODUCT_NAME = "$(TARGET_NAME)";
				SWIFT_EMIT_LOC_STRINGS = YES;
				SWIFT_VERSION = 5.0;
				TARGETED_DEVICE_FAMILY = "1,2";
			};
			name = Release;
		};
		2D587AD92847819300139A58 /* Debug */ = {
			isa = XCBuildConfiguration;
			baseConfigurationReference = 2D587AE32847823200139A58 /* Debug.xcconfig */;
			buildSettings = {
				ALWAYS_EMBED_SWIFT_STANDARD_LIBRARIES = YES;
				BUNDLE_LOADER = "$(TEST_HOST)";
				CODE_SIGN_STYLE = Automatic;
				CURRENT_PROJECT_VERSION = 1;
				GENERATE_INFOPLIST_FILE = YES;
				IPHONEOS_DEPLOYMENT_TARGET = 15.4;
				MARKETING_VERSION = 1.0;
				PRODUCT_BUNDLE_IDENTIFIER = com.atabany.InstaBostaTests;
				PRODUCT_NAME = "$(TARGET_NAME)";
				SWIFT_EMIT_LOC_STRINGS = NO;
				SWIFT_VERSION = 5.0;
				TARGETED_DEVICE_FAMILY = "1,2";
				TEST_HOST = "$(BUILT_PRODUCTS_DIR)/InstaBosta.app/InstaBosta";
			};
			name = Debug;
		};
		2D587ADA2847819300139A58 /* Release */ = {
			isa = XCBuildConfiguration;
			baseConfigurationReference = 2D587AE22847822700139A58 /* Release.xcconfig */;
			buildSettings = {
				ALWAYS_EMBED_SWIFT_STANDARD_LIBRARIES = YES;
				BUNDLE_LOADER = "$(TEST_HOST)";
				CODE_SIGN_STYLE = Automatic;
				CURRENT_PROJECT_VERSION = 1;
				GENERATE_INFOPLIST_FILE = YES;
				IPHONEOS_DEPLOYMENT_TARGET = 15.4;
				MARKETING_VERSION = 1.0;
				PRODUCT_BUNDLE_IDENTIFIER = com.atabany.InstaBostaTests;
				PRODUCT_NAME = "$(TARGET_NAME)";
				SWIFT_EMIT_LOC_STRINGS = NO;
				SWIFT_VERSION = 5.0;
				TARGETED_DEVICE_FAMILY = "1,2";
				TEST_HOST = "$(BUILT_PRODUCTS_DIR)/InstaBosta.app/InstaBosta";
			};
			name = Release;
		};
/* End XCBuildConfiguration section */

/* Begin XCConfigurationList section */
		2D587AA62847819200139A58 /* Build configuration list for PBXProject "InstaBosta" */ = {
			isa = XCConfigurationList;
			buildConfigurations = (
				2D587AD32847819300139A58 /* Debug */,
				2D587AD42847819300139A58 /* Release */,
			);
			defaultConfigurationIsVisible = 0;
			defaultConfigurationName = Release;
		};
		2D587AD52847819300139A58 /* Build configuration list for PBXNativeTarget "InstaBosta" */ = {
			isa = XCConfigurationList;
			buildConfigurations = (
				2D587AD62847819300139A58 /* Debug */,
				2D587AD72847819300139A58 /* Release */,
			);
			defaultConfigurationIsVisible = 0;
			defaultConfigurationName = Release;
		};
		2D587AD82847819300139A58 /* Build configuration list for PBXNativeTarget "InstaBostaTests" */ = {
			isa = XCConfigurationList;
			buildConfigurations = (
				2D587AD92847819300139A58 /* Debug */,
				2D587ADA2847819300139A58 /* Release */,
			);
			defaultConfigurationIsVisible = 0;
			defaultConfigurationName = Release;
		};
/* End XCConfigurationList section */

/* Begin XCRemoteSwiftPackageReference section */
		2D1B5102284A6337001541A9 /* XCRemoteSwiftPackageReference "RxSwift" */ = {
			isa = XCRemoteSwiftPackageReference;
			repositoryURL = "https://github.com/ReactiveX/RxSwift.git";
			requirement = {
				kind = upToNextMajorVersion;
				minimumVersion = 6.0.0;
			};
		};
		2D1B510B284A6447001541A9 /* XCRemoteSwiftPackageReference "RxDataSources" */ = {
			isa = XCRemoteSwiftPackageReference;
			repositoryURL = "https://github.com/RxSwiftCommunity/RxDataSources.git";
			requirement = {
				kind = upToNextMajorVersion;
				minimumVersion = 5.0.0;
			};
		};
		2D1B511B284A9794001541A9 /* XCRemoteSwiftPackageReference "Moya" */ = {
			isa = XCRemoteSwiftPackageReference;
			repositoryURL = "https://github.com/Moya/Moya.git";
			requirement = {
				branch = 15.0.0;
				kind = branch;
			};
		};
/* End XCRemoteSwiftPackageReference section */

/* Begin XCSwiftPackageProductDependency section */
		2D1B510C284A6447001541A9 /* Differentiator */ = {
			isa = XCSwiftPackageProductDependency;
			package = 2D1B510B284A6447001541A9 /* XCRemoteSwiftPackageReference "RxDataSources" */;
			productName = Differentiator;
		};
		2D1B510E284A6447001541A9 /* RxDataSources */ = {
			isa = XCSwiftPackageProductDependency;
			package = 2D1B510B284A6447001541A9 /* XCRemoteSwiftPackageReference "RxDataSources" */;
			productName = RxDataSources;
		};
		2D1B511C284A9794001541A9 /* Moya */ = {
			isa = XCSwiftPackageProductDependency;
			package = 2D1B511B284A9794001541A9 /* XCRemoteSwiftPackageReference "Moya" */;
			productName = Moya;
		};
		2D1B511E284A9794001541A9 /* ReactiveMoya */ = {
			isa = XCSwiftPackageProductDependency;
			package = 2D1B511B284A9794001541A9 /* XCRemoteSwiftPackageReference "Moya" */;
			productName = ReactiveMoya;
		};
		2D1B5120284A9794001541A9 /* RxMoya */ = {
			isa = XCSwiftPackageProductDependency;
			package = 2D1B511B284A9794001541A9 /* XCRemoteSwiftPackageReference "Moya" */;
			productName = RxMoya;
		};
/* End XCSwiftPackageProductDependency section */
	};
	rootObject = 2D587AA32847819200139A58 /* Project object */;
}
